// !$*UTF8*$!
{
	archiveVersion = 1;
	classes = {
	};
	objectVersion = 46;
	objects = {

/* Begin PBXBuildFile section */
		6090F1911EA61DFF003D5957 /* AppDelegate.swift in Sources */ = {isa = PBXBuildFile; fileRef = 6090F1901EA61DFF003D5957 /* AppDelegate.swift */; };
		6090F1931EA61DFF003D5957 /* ViewController.swift in Sources */ = {isa = PBXBuildFile; fileRef = 6090F1921EA61DFF003D5957 /* ViewController.swift */; };
		6090F1961EA61DFF003D5957 /* Main.storyboard in Resources */ = {isa = PBXBuildFile; fileRef = 6090F1941EA61DFF003D5957 /* Main.storyboard */; };
		6090F1981EA61DFF003D5957 /* Assets.xcassets in Resources */ = {isa = PBXBuildFile; fileRef = 6090F1971EA61DFF003D5957 /* Assets.xcassets */; };
		6090F19B1EA61DFF003D5957 /* LaunchScreen.storyboard in Resources */ = {isa = PBXBuildFile; fileRef = 6090F1991EA61DFF003D5957 /* LaunchScreen.storyboard */; };
		6090F1A41EA61FD6003D5957 /* TableViewCell.swift in Sources */ = {isa = PBXBuildFile; fileRef = 6090F1A21EA61FD6003D5957 /* TableViewCell.swift */; };
		6090F1A51EA61FD6003D5957 /* TableViewCell.xib in Resources */ = {isa = PBXBuildFile; fileRef = 6090F1A31EA61FD6003D5957 /* TableViewCell.xib */; };
/* End PBXBuildFile section */

/* Begin PBXFileReference section */
		6090F18D1EA61DFF003D5957 /* Project-11-CustomTableViewCell.app */ = {isa = PBXFileReference; explicitFileType = wrapper.application; includeInIndex = 0; path = "Project-11-CustomTableViewCell.app"; sourceTree = BUILT_PRODUCTS_DIR; };
		6090F1901EA61DFF003D5957 /* AppDelegate.swift */ = {isa = PBXFileReference; lastKnownFileType = sourcecode.swift; path = AppDelegate.swift; sourceTree = "<group>"; };
		6090F1921EA61DFF003D5957 /* ViewController.swift */ = {isa = PBXFileReference; lastKnownFileType = sourcecode.swift; path = ViewController.swift; sourceTree = "<group>"; };
		6090F1951EA61DFF003D5957 /* Base */ = {isa = PBXFileReference; lastKnownFileType = file.storyboard; name = Base; path = Base.lproj/Main.storyboard; sourceTree = "<group>"; };
		6090F1971EA61DFF003D5957 /* Assets.xcassets */ = {isa = PBXFileReference; lastKnownFileType = folder.assetcatalog; path = Assets.xcassets; sourceTree = "<group>"; };
		6090F19A1EA61DFF003D5957 /* Base */ = {isa = PBXFileReference; lastKnownFileType = file.storyboard; name = Base; path = Base.lproj/LaunchScreen.storyboard; sourceTree = "<group>"; };
		6090F19C1EA61DFF003D5957 /* Info.plist */ = {isa = PBXFileReference; lastKnownFileType = text.plist.xml; path = Info.plist; sourceTree = "<group>"; };
		6090F1A21EA61FD6003D5957 /* TableViewCell.swift */ = {isa = PBXFileReference; fileEncoding = 4; lastKnownFileType = sourcecode.swift; path = TableViewCell.swift; sourceTree = "<group>"; };
		6090F1A31EA61FD6003D5957 /* TableViewCell.xib */ = {isa = PBXFileReference; fileEncoding = 4; lastKnownFileType = file.xib; path = TableViewCell.xib; sourceTree = "<group>"; };
/* End PBXFileReference section */

/* Begin PBXFrameworksBuildPhase section */
		6090F18A1EA61DFF003D5957 /* Frameworks */ = {
			isa = PBXFrameworksBuildPhase;
			buildActionMask = 2147483647;
			files = (
			);
			runOnlyForDeploymentPostprocessing = 0;
		};
/* End PBXFrameworksBuildPhase section */

/* Begin PBXGroup section */
		6090F1841EA61DFF003D5957 = {
			isa = PBXGroup;
			children = (
				6090F18F1EA61DFF003D5957 /* Project-11-CustomTableViewCell */,
				6090F18E1EA61DFF003D5957 /* Products */,
			);
			sourceTree = "<group>";
		};
		6090F18E1EA61DFF003D5957 /* Products */ = {
			isa = PBXGroup;
			children = (
				6090F18D1EA61DFF003D5957 /* Project-11-CustomTableViewCell.app */,
			);
			name = Products;
			sourceTree = "<group>";
		};
		6090F18F1EA61DFF003D5957 /* Project-11-CustomTableViewCell */ = {
			isa = PBXGroup;
			children = (
				6090F1901EA61DFF003D5957 /* AppDelegate.swift */,
				6090F1921EA61DFF003D5957 /* ViewController.swift */,
				6090F1941EA61DFF003D5957 /* Main.storyboard */,
				6090F1A21EA61FD6003D5957 /* TableViewCell.swift */,
				6090F1A31EA61FD6003D5957 /* TableViewCell.xib */,
				6090F1971EA61DFF003D5957 /* Assets.xcassets */,
				6090F1991EA61DFF003D5957 /* LaunchScreen.storyboard */,
				6090F19C1EA61DFF003D5957 /* Info.plist */,
			);
			path = "Project-11-CustomTableViewCell";
			sourceTree = "<group>";
		};
/* End PBXGroup section */

/* Begin PBXNativeTarget section */
		6090F18C1EA61DFF003D5957 /* Project-11-CustomTableViewCell */ = {
			isa = PBXNativeTarget;
			buildConfigurationList = 6090F19F1EA61DFF003D5957 /* Build configuration list for PBXNativeTarget "Project-11-CustomTableViewCell" */;
			buildPhases = (
				6090F1891EA61DFF003D5957 /* Sources */,
				6090F18A1EA61DFF003D5957 /* Frameworks */,
				6090F18B1EA61DFF003D5957 /* Resources */,
			);
			buildRules = (
			);
			dependencies = (
			);
			name = "Project-11-CustomTableViewCell";
			productName = "Project-11-CustomTableViewCell";
			productReference = 6090F18D1EA61DFF003D5957 /* Project-11-CustomTableViewCell.app */;
			productType = "com.apple.product-type.application";
		};
/* End PBXNativeTarget section */

/* Begin PBXProject section */
		6090F1851EA61DFF003D5957 /* Project object */ = {
			isa = PBXProject;
			attributes = {
				LastSwiftUpdateCheck = 0800;
				LastUpgradeCheck = 0800;
				ORGANIZATIONNAME = "Andrews Frempong";
				TargetAttributes = {
					6090F18C1EA61DFF003D5957 = {
						CreatedOnToolsVersion = 8.0;
						ProvisioningStyle = Automatic;
					};
				};
			};
			buildConfigurationList = 6090F1881EA61DFF003D5957 /* Build configuration list for PBXProject "Project-11-CustomTableViewCell" */;
			compatibilityVersion = "Xcode 3.2";
			developmentRegion = English;
			hasScannedForEncodings = 0;
			knownRegions = (
				en,
				Base,
			);
			mainGroup = 6090F1841EA61DFF003D5957;
			productRefGroup = 6090F18E1EA61DFF003D5957 /* Products */;
			projectDirPath = "";
			projectRoot = "";
			targets = (
				6090F18C1EA61DFF003D5957 /* Project-11-CustomTableViewCell */,
			);
		};
/* End PBXProject section */

/* Begin PBXResourcesBuildPhase section */
		6090F18B1EA61DFF003D5957 /* Resources */ = {
			isa = PBXResourcesBuildPhase;
			buildActionMask = 2147483647;
			files = (
				6090F19B1EA61DFF003D5957 /* LaunchScreen.storyboard in Resources */,
				6090F1A51EA61FD6003D5957 /* TableViewCell.xib in Resources */,
				6090F1981EA61DFF003D5957 /* Assets.xcassets in Resources */,
				6090F1961EA61DFF003D5957 /* Main.storyboard in Resources */,
			);
			runOnlyForDeploymentPostprocessing = 0;
		};
/* End PBXResourcesBuildPhase section */

/* Begin PBXSourcesBuildPhase section */
		6090F1891EA61DFF003D5957 /* Sources */ = {
			isa = PBXSourcesBuildPhase;
			buildActionMask = 2147483647;
			files = (
				6090F1A41EA61FD6003D5957 /* TableViewCell.swift in Sources */,
				6090F1931EA61DFF003D5957 /* ViewController.swift in Sources */,
				6090F1911EA61DFF003D5957 /* AppDelegate.swift in Sources */,
			);
			runOnlyForDeploymentPostprocessing = 0;
		};
/* End PBXSourcesBuildPhase section */

/* Begin PBXVariantGroup section */
		6090F1941EA61DFF003D5957 /* Main.storyboard */ = {
			isa = PBXVariantGroup;
			children = (
				6090F1951EA61DFF003D5957 /* Base */,
			);
			name = Main.storyboard;
			sourceTree = "<group>";
		};
		6090F1991EA61DFF003D5957 /* LaunchScreen.storyboard */ = {
			isa = PBXVariantGroup;
			children = (
				6090F19A1EA61DFF003D5957 /* Base */,
			);
			name = LaunchScreen.storyboard;
			sourceTree = "<group>";
		};
/* End PBXVariantGroup section */

/* Begin XCBuildConfiguration section */
		6090F19D1EA61DFF003D5957 /* Debug */ = {
			isa = XCBuildConfiguration;
			buildSettings = {
				ALWAYS_SEARCH_USER_PATHS = NO;
				CLANG_ANALYZER_NONNULL = YES;
				CLANG_CXX_LANGUAGE_STANDARD = "gnu++0x";
				CLANG_CXX_LIBRARY = "libc++";
				CLANG_ENABLE_MODULES = YES;
				CLANG_ENABLE_OBJC_ARC = YES;
				CLANG_WARN_BOOL_CONVERSION = YES;
				CLANG_WARN_CONSTANT_CONVERSION = YES;
				CLANG_WARN_DIRECT_OBJC_ISA_USAGE = YES_ERROR;
				CLANG_WARN_DOCUMENTATION_COMMENTS = YES;
				CLANG_WARN_EMPTY_BODY = YES;
				CLANG_WARN_ENUM_CONVERSION = YES;
				CLANG_WARN_INFINITE_RECURSION = YES;
				CLANG_WARN_INT_CONVERSION = YES;
				CLANG_WARN_OBJC_ROOT_CLASS = YES_ERROR;
				CLANG_WARN_SUSPICIOUS_MOVES = YES;
				CLANG_WARN_UNREACHABLE_CODE = YES;
				CLANG_WARN__DUPLICATE_METHOD_MATCH = YES;
				"CODE_SIGN_IDENTITY[sdk=iphoneos*]" = "iPhone Developer";
				COPY_PHASE_STRIP = NO;
				DEBUG_INFORMATION_FORMAT = dwarf;
				ENABLE_STRICT_OBJC_MSGSEND = YES;
				ENABLE_TESTABILITY = YES;
				GCC_C_LANGUAGE_STANDARD = gnu99;
				GCC_DYNAMIC_NO_PIC = NO;
				GCC_NO_COMMON_BLOCKS = YES;
				GCC_OPTIMIZATION_LEVEL = 0;
				GCC_PREPROCESSOR_DEFINITIONS = (
					"DEBUG=1",
					"$(inherited)",
				);
				GCC_WARN_64_TO_32_BIT_CONVERSION = YES;
				GCC_WARN_ABOUT_RETURN_TYPE = YES_ERROR;
				GCC_WARN_UNDECLARED_SELECTOR = YES;
				GCC_WARN_UNINITIALIZED_AUTOS = YES_AGGRESSIVE;
				GCC_WARN_UNUSED_FUNCTION = YES;
				GCC_WARN_UNUSED_VARIABLE = YES;
				IPHONEOS_DEPLOYMENT_TARGET = 10.0;
				MTL_ENABLE_DEBUG_INFO = YES;
				ONLY_ACTIVE_ARCH = YES;
				SDKROOT = iphoneos;
				SWIFT_ACTIVE_COMPILATION_CONDITIONS = DEBUG;
				SWIFT_OPTIMIZATION_LEVEL = "-Onone";
			};
			name = Debug;
		};
		6090F19E1EA61DFF003D5957 /* Release */ = {
			isa = XCBuildConfiguration;
			buildSettings = {
				ALWAYS_SEARCH_USER_PATHS = NO;
				CLANG_ANALYZER_NONNULL = YES;
				CLANG_CXX_LANGUAGE_STANDARD = "gnu++0x";
				CLANG_CXX_LIBRARY = "libc++";
				CLANG_ENABLE_MODULES = YES;
				CLANG_ENABLE_OBJC_ARC = YES;
				CLANG_WARN_BOOL_CONVERSION = YES;
				CLANG_WARN_CONSTANT_CONVERSION = YES;
				CLANG_WARN_DIRECT_OBJC_ISA_USAGE = YES_ERROR;
				CLANG_WARN_DOCUMENTATION_COMMENTS = YES;
				CLANG_WARN_EMPTY_BODY = YES;
				CLANG_WARN_ENUM_CONVERSION = YES;
				CLANG_WARN_INFINITE_RECURSION = YES;
				CLANG_WARN_INT_CONVERSION = YES;
				CLANG_WARN_OBJC_ROOT_CLASS = YES_ERROR;
				CLANG_WARN_SUSPICIOUS_MOVES = YES;
				CLANG_WARN_UNREACHABLE_CODE = YES;
				CLANG_WARN__DUPLICATE_METHOD_MATCH = YES;
				"CODE_SIGN_IDENTITY[sdk=iphoneos*]" = "iPhone Developer";
				COPY_PHASE_STRIP = NO;
				DEBUG_INFORMATION_FORMAT = "dwarf-with-dsym";
				ENABLE_NS_ASSERTIONS = NO;
				ENABLE_STRICT_OBJC_MSGSEND = YES;
				GCC_C_LANGUAGE_STANDARD = gnu99;
				GCC_NO_COMMON_BLOCKS = YES;
				GCC_WARN_64_TO_32_BIT_CONVERSION = YES;
				GCC_WARN_ABOUT_RETURN_TYPE = YES_ERROR;
				GCC_WARN_UNDECLARED_SELECTOR = YES;
				GCC_WARN_UNINITIALIZED_AUTOS = YES_AGGRESSIVE;
				GCC_WARN_UNUSED_FUNCTION = YES;
				GCC_WARN_UNUSED_VARIABLE = YES;
				IPHONEOS_DEPLOYMENT_TARGET = 10.0;
				MTL_ENABLE_DEBUG_INFO = NO;
				SDKROOT = iphoneos;
				SWIFT_OPTIMIZATION_LEVEL = "-Owholemodule";
				VALIDATE_PRODUCT = YES;
			};
			name = Release;
		};
		6090F1A01EA61DFF003D5957 /* Debug */ = {
			isa = XCBuildConfiguration;
			buildSettings = {
				ASSETCATALOG_COMPILER_APPICON_NAME = AppIcon;
				INFOPLIST_FILE = "Project-11-CustomTableViewCell/Info.plist";
				LD_RUNPATH_SEARCH_PATHS = "$(inherited) @executable_path/Frameworks";
				PRODUCT_BUNDLE_IDENTIFIER = "com.AndrewsFrempong.Project-11-CustomTableViewCell";
				PRODUCT_NAME = "$(TARGET_NAME)";
				SWIFT_VERSION = 3.0;
			};
			name = Debug;
		};
		6090F1A11EA61DFF003D5957 /* Release */ = {
			isa = XCBuildConfiguration;
			buildSettings = {
				ASSETCATALOG_COMPILER_APPICON_NAME = AppIcon;
				INFOPLIST_FILE = "Project-11-CustomTableViewCell/Info.plist";
				LD_RUNPATH_SEARCH_PATHS = "$(inherited) @executable_path/Frameworks";
				PRODUCT_BUNDLE_IDENTIFIER = "com.AndrewsFrempong.Project-11-CustomTableViewCell";
				PRODUCT_NAME = "$(TARGET_NAME)";
				SWIFT_VERSION = 3.0;
			};
			name = Release;
		};
/* End XCBuildConfiguration section */

/* Begin XCConfigurationList section */
		6090F1881EA61DFF003D5957 /* Build configuration list for PBXProject "Project-11-CustomTableViewCell" */ = {
			isa = XCConfigurationList;
			buildConfigurations = (
				6090F19D1EA61DFF003D5957 /* Debug */,
				6090F19E1EA61DFF003D5957 /* Release */,
			);
			defaultConfigurationIsVisible = 0;
			defaultConfigurationName = Release;
		};
		6090F19F1EA61DFF003D5957 /* Build configuration list for PBXNativeTarget "Project-11-CustomTableViewCell" */ = {
			isa = XCConfigurationList;
			buildConfigurations = (
				6090F1A01EA61DFF003D5957 /* Debug */,
				6090F1A11EA61DFF003D5957 /* Release */,
			);
			defaultConfigurationIsVisible = 0;
		};
/* End XCConfigurationList section */
	};
	rootObject = 6090F1851EA61DFF003D5957 /* Project object */;
}
