// !$*UTF8*$!
{
	archiveVersion = 1;
	classes = {
	};
	objectVersion = 46;
	objects = {

/* Begin PBXBuildFile section */
		60F285C81E8A731600B0685A /* AppDelegate.swift in Sources */ = {isa = PBXBuildFile; fileRef = 60F285C71E8A731600B0685A /* AppDelegate.swift */; };
		60F285CA1E8A731600B0685A /* ViewController.swift in Sources */ = {isa = PBXBuildFile; fileRef = 60F285C91E8A731600B0685A /* ViewController.swift */; };
		60F285CD1E8A731600B0685A /* Main.storyboard in Resources */ = {isa = PBXBuildFile; fileRef = 60F285CB1E8A731600B0685A /* Main.storyboard */; };
		60F285CF1E8A731700B0685A /* Assets.xcassets in Resources */ = {isa = PBXBuildFile; fileRef = 60F285CE1E8A731700B0685A /* Assets.xcassets */; };
		60F285D21E8A731700B0685A /* LaunchScreen.storyboard in Resources */ = {isa = PBXBuildFile; fileRef = 60F285D01E8A731700B0685A /* LaunchScreen.storyboard */; };
/* End PBXBuildFile section */

/* Begin PBXFileReference section */
		60F285C41E8A731600B0685A /* Project-03-GuessTheFlag.app */ = {isa = PBXFileReference; explicitFileType = wrapper.application; includeInIndex = 0; path = "Project-03-GuessTheFlag.app"; sourceTree = BUILT_PRODUCTS_DIR; };
		60F285C71E8A731600B0685A /* AppDelegate.swift */ = {isa = PBXFileReference; lastKnownFileType = sourcecode.swift; path = AppDelegate.swift; sourceTree = "<group>"; };
		60F285C91E8A731600B0685A /* ViewController.swift */ = {isa = PBXFileReference; lastKnownFileType = sourcecode.swift; path = ViewController.swift; sourceTree = "<group>"; };
		60F285CC1E8A731600B0685A /* Base */ = {isa = PBXFileReference; lastKnownFileType = file.storyboard; name = Base; path = Base.lproj/Main.storyboard; sourceTree = "<group>"; };
		60F285CE1E8A731700B0685A /* Assets.xcassets */ = {isa = PBXFileReference; lastKnownFileType = folder.assetcatalog; path = Assets.xcassets; sourceTree = "<group>"; };
		60F285D11E8A731700B0685A /* Base */ = {isa = PBXFileReference; lastKnownFileType = file.storyboard; name = Base; path = Base.lproj/LaunchScreen.storyboard; sourceTree = "<group>"; };
		60F285D31E8A731700B0685A /* Info.plist */ = {isa = PBXFileReference; lastKnownFileType = text.plist.xml; path = Info.plist; sourceTree = "<group>"; };
/* End PBXFileReference section */

/* Begin PBXFrameworksBuildPhase section */
		60F285C11E8A731600B0685A /* Frameworks */ = {
			isa = PBXFrameworksBuildPhase;
			buildActionMask = 2147483647;
			files = (
			);
			runOnlyForDeploymentPostprocessing = 0;
		};
/* End PBXFrameworksBuildPhase section */

/* Begin PBXGroup section */
		60F285BB1E8A731600B0685A = {
			isa = PBXGroup;
			children = (
				60F285C61E8A731600B0685A /* Project-03-GuessTheFlag */,
				60F285C51E8A731600B0685A /* Products */,
			);
			sourceTree = "<group>";
		};
		60F285C51E8A731600B0685A /* Products */ = {
			isa = PBXGroup;
			children = (
				60F285C41E8A731600B0685A /* Project-03-GuessTheFlag.app */,
			);
			name = Products;
			sourceTree = "<group>";
		};
		60F285C61E8A731600B0685A /* Project-03-GuessTheFlag */ = {
			isa = PBXGroup;
			children = (
				60F285C71E8A731600B0685A /* AppDelegate.swift */,
				60F285C91E8A731600B0685A /* ViewController.swift */,
				60F285CB1E8A731600B0685A /* Main.storyboard */,
				60F285CE1E8A731700B0685A /* Assets.xcassets */,
				60F285D01E8A731700B0685A /* LaunchScreen.storyboard */,
				60F285D31E8A731700B0685A /* Info.plist */,
			);
			path = "Project-03-GuessTheFlag";
			sourceTree = "<group>";
		};
/* End PBXGroup section */

/* Begin PBXNativeTarget section */
		60F285C31E8A731600B0685A /* Project-03-GuessTheFlag */ = {
			isa = PBXNativeTarget;
			buildConfigurationList = 60F285D61E8A731700B0685A /* Build configuration list for PBXNativeTarget "Project-03-GuessTheFlag" */;
			buildPhases = (
				60F285C01E8A731600B0685A /* Sources */,
				60F285C11E8A731600B0685A /* Frameworks */,
				60F285C21E8A731600B0685A /* Resources */,
			);
			buildRules = (
			);
			dependencies = (
			);
			name = "Project-03-GuessTheFlag";
			productName = "Project-03-GuessTheFlag";
			productReference = 60F285C41E8A731600B0685A /* Project-03-GuessTheFlag.app */;
			productType = "com.apple.product-type.application";
		};
/* End PBXNativeTarget section */

/* Begin PBXProject section */
		60F285BC1E8A731600B0685A /* Project object */ = {
			isa = PBXProject;
			attributes = {
				LastSwiftUpdateCheck = 0800;
				LastUpgradeCheck = 0800;
				ORGANIZATIONNAME = "Andrews Frempong";
				TargetAttributes = {
					60F285C31E8A731600B0685A = {
						CreatedOnToolsVersion = 8.0;
						ProvisioningStyle = Automatic;
					};
				};
			};
			buildConfigurationList = 60F285BF1E8A731600B0685A /* Build configuration list for PBXProject "Project-03-GuessTheFlag" */;
			compatibilityVersion = "Xcode 3.2";
			developmentRegion = English;
			hasScannedForEncodings = 0;
			knownRegions = (
				en,
				Base,
			);
			mainGroup = 60F285BB1E8A731600B0685A;
			productRefGroup = 60F285C51E8A731600B0685A /* Products */;
			projectDirPath = "";
			projectRoot = "";
			targets = (
				60F285C31E8A731600B0685A /* Project-03-GuessTheFlag */,
			);
		};
/* End PBXProject section */

/* Begin PBXResourcesBuildPhase section */
		60F285C21E8A731600B0685A /* Resources */ = {
			isa = PBXResourcesBuildPhase;
			buildActionMask = 2147483647;
			files = (
				60F285D21E8A731700B0685A /* LaunchScreen.storyboard in Resources */,
				60F285CF1E8A731700B0685A /* Assets.xcassets in Resources */,
				60F285CD1E8A731600B0685A /* Main.storyboard in Resources */,
			);
			runOnlyForDeploymentPostprocessing = 0;
		};
/* End PBXResourcesBuildPhase section */

/* Begin PBXSourcesBuildPhase section */
		60F285C01E8A731600B0685A /* Sources */ = {
			isa = PBXSourcesBuildPhase;
			buildActionMask = 2147483647;
			files = (
				60F285CA1E8A731600B0685A /* ViewController.swift in Sources */,
				60F285C81E8A731600B0685A /* AppDelegate.swift in Sources */,
			);
			runOnlyForDeploymentPostprocessing = 0;
		};
/* End PBXSourcesBuildPhase section */

/* Begin PBXVariantGroup section */
		60F285CB1E8A731600B0685A /* Main.storyboard */ = {
			isa = PBXVariantGroup;
			children = (
				60F285CC1E8A731600B0685A /* Base */,
			);
			name = Main.storyboard;
			sourceTree = "<group>";
		};
		60F285D01E8A731700B0685A /* LaunchScreen.storyboard */ = {
			isa = PBXVariantGroup;
			children = (
				60F285D11E8A731700B0685A /* Base */,
			);
			name = LaunchScreen.storyboard;
			sourceTree = "<group>";
		};
/* End PBXVariantGroup section */

/* Begin XCBuildConfiguration section */
		60F285D41E8A731700B0685A /* Debug */ = {
			isa = XCBuildConfiguration;
			buildSettings = {
				ALWAYS_SEARCH_USER_PATHS = NO;
				CLANG_ANALYZER_NONNULL = YES;
				CLANG_CXX_LANGUAGE_STANDARD = "gnu++0x";
				CLANG_CXX_LIBRARY = "libc++";
				CLANG_ENABLE_MODULES = YES;
				CLANG_ENABLE_OBJC_ARC = YES;
				CLANG_WARN_BOOL_CONVERSION = YES;
				CLANG_WARN_CONSTANT_CONVERSION = YES;
				CLANG_WARN_DIRECT_OBJC_ISA_USAGE = YES_ERROR;
				CLANG_WARN_DOCUMENTATION_COMMENTS = YES;
				CLANG_WARN_EMPTY_BODY = YES;
				CLANG_WARN_ENUM_CONVERSION = YES;
				CLANG_WARN_INFINITE_RECURSION = YES;
				CLANG_WARN_INT_CONVERSION = YES;
				CLANG_WARN_OBJC_ROOT_CLASS = YES_ERROR;
				CLANG_WARN_SUSPICIOUS_MOVES = YES;
				CLANG_WARN_UNREACHABLE_CODE = YES;
				CLANG_WARN__DUPLICATE_METHOD_MATCH = YES;
				"CODE_SIGN_IDENTITY[sdk=iphoneos*]" = "iPhone Developer";
				COPY_PHASE_STRIP = NO;
				DEBUG_INFORMATION_FORMAT = dwarf;
				ENABLE_STRICT_OBJC_MSGSEND = YES;
				ENABLE_TESTABILITY = YES;
				GCC_C_LANGUAGE_STANDARD = gnu99;
				GCC_DYNAMIC_NO_PIC = NO;
				GCC_NO_COMMON_BLOCKS = YES;
				GCC_OPTIMIZATION_LEVEL = 0;
				GCC_PREPROCESSOR_DEFINITIONS = (
					"DEBUG=1",
					"$(inherited)",
				);
				GCC_WARN_64_TO_32_BIT_CONVERSION = YES;
				GCC_WARN_ABOUT_RETURN_TYPE = YES_ERROR;
				GCC_WARN_UNDECLARED_SELECTOR = YES;
				GCC_WARN_UNINITIALIZED_AUTOS = YES_AGGRESSIVE;
				GCC_WARN_UNUSED_FUNCTION = YES;
				GCC_WARN_UNUSED_VARIABLE = YES;
				IPHONEOS_DEPLOYMENT_TARGET = 10.0;
				MTL_ENABLE_DEBUG_INFO = YES;
				ONLY_ACTIVE_ARCH = YES;
				SDKROOT = iphoneos;
				SWIFT_ACTIVE_COMPILATION_CONDITIONS = DEBUG;
				SWIFT_OPTIMIZATION_LEVEL = "-Onone";
			};
			name = Debug;
		};
		60F285D51E8A731700B0685A /* Release */ = {
			isa = XCBuildConfiguration;
			buildSettings = {
				ALWAYS_SEARCH_USER_PATHS = NO;
				CLANG_ANALYZER_NONNULL = YES;
				CLANG_CXX_LANGUAGE_STANDARD = "gnu++0x";
				CLANG_CXX_LIBRARY = "libc++";
				CLANG_ENABLE_MODULES = YES;
				CLANG_ENABLE_OBJC_ARC = YES;
				CLANG_WARN_BOOL_CONVERSION = YES;
				CLANG_WARN_CONSTANT_CONVERSION = YES;
				CLANG_WARN_DIRECT_OBJC_ISA_USAGE = YES_ERROR;
				CLANG_WARN_DOCUMENTATION_COMMENTS = YES;
				CLANG_WARN_EMPTY_BODY = YES;
				CLANG_WARN_ENUM_CONVERSION = YES;
				CLANG_WARN_INFINITE_RECURSION = YES;
				CLANG_WARN_INT_CONVERSION = YES;
				CLANG_WARN_OBJC_ROOT_CLASS = YES_ERROR;
				CLANG_WARN_SUSPICIOUS_MOVES = YES;
				CLANG_WARN_UNREACHABLE_CODE = YES;
				CLANG_WARN__DUPLICATE_METHOD_MATCH = YES;
				"CODE_SIGN_IDENTITY[sdk=iphoneos*]" = "iPhone Developer";
				COPY_PHASE_STRIP = NO;
				DEBUG_INFORMATION_FORMAT = "dwarf-with-dsym";
				ENABLE_NS_ASSERTIONS = NO;
				ENABLE_STRICT_OBJC_MSGSEND = YES;
				GCC_C_LANGUAGE_STANDARD = gnu99;
				GCC_NO_COMMON_BLOCKS = YES;
				GCC_WARN_64_TO_32_BIT_CONVERSION = YES;
				GCC_WARN_ABOUT_RETURN_TYPE = YES_ERROR;
				GCC_WARN_UNDECLARED_SELECTOR = YES;
				GCC_WARN_UNINITIALIZED_AUTOS = YES_AGGRESSIVE;
				GCC_WARN_UNUSED_FUNCTION = YES;
				GCC_WARN_UNUSED_VARIABLE = YES;
				IPHONEOS_DEPLOYMENT_TARGET = 10.0;
				MTL_ENABLE_DEBUG_INFO = NO;
				SDKROOT = iphoneos;
				SWIFT_OPTIMIZATION_LEVEL = "-Owholemodule";
				VALIDATE_PRODUCT = YES;
			};
			name = Release;
		};
		60F285D71E8A731700B0685A /* Debug */ = {
			isa = XCBuildConfiguration;
			buildSettings = {
				ASSETCATALOG_COMPILER_APPICON_NAME = AppIcon;
				INFOPLIST_FILE = "Project-03-GuessTheFlag/Info.plist";
				LD_RUNPATH_SEARCH_PATHS = "$(inherited) @executable_path/Frameworks";
				PRODUCT_BUNDLE_IDENTIFIER = "com.AndrewsFrempong.Project-03-GuessTheFlag";
				PRODUCT_NAME = "$(TARGET_NAME)";
				SWIFT_VERSION = 3.0;
			};
			name = Debug;
		};
		60F285D81E8A731700B0685A /* Release */ = {
			isa = XCBuildConfiguration;
			buildSettings = {
				ASSETCATALOG_COMPILER_APPICON_NAME = AppIcon;
				INFOPLIST_FILE = "Project-03-GuessTheFlag/Info.plist";
				LD_RUNPATH_SEARCH_PATHS = "$(inherited) @executable_path/Frameworks";
				PRODUCT_BUNDLE_IDENTIFIER = "com.AndrewsFrempong.Project-03-GuessTheFlag";
				PRODUCT_NAME = "$(TARGET_NAME)";
				SWIFT_VERSION = 3.0;
			};
			name = Release;
		};
/* End XCBuildConfiguration section */

/* Begin XCConfigurationList section */
		60F285BF1E8A731600B0685A /* Build configuration list for PBXProject "Project-03-GuessTheFlag" */ = {
			isa = XCConfigurationList;
			buildConfigurations = (
				60F285D41E8A731700B0685A /* Debug */,
				60F285D51E8A731700B0685A /* Release */,
			);
			defaultConfigurationIsVisible = 0;
			defaultConfigurationName = Release;
		};
		60F285D61E8A731700B0685A /* Build configuration list for PBXNativeTarget "Project-03-GuessTheFlag" */ = {
			isa = XCConfigurationList;
			buildConfigurations = (
				60F285D71E8A731700B0685A /* Debug */,
				60F285D81E8A731700B0685A /* Release */,
			);
			defaultConfigurationIsVisible = 0;
		};
/* End XCConfigurationList section */
	};
	rootObject = 60F285BC1E8A731600B0685A /* Project object */;
}
